// !$*UTF8*$!
{
	archiveVersion = 1;
	classes = {
	};
	objectVersion = 56;
	objects = {

/* Begin PBXBuildFile section */
		2CEE2F6F2B57D50200607D17 /* ReservationViewController.swift in Sources */ = {isa = PBXBuildFile; fileRef = 378E46362B56535F00D2A473 /* ReservationViewController.swift */; };
		2CEE2FBD2B5A1ED800607D17 /* MovieDetailView.swift in Sources */ = {isa = PBXBuildFile; fileRef = 2CEE2FBC2B5A1ED800607D17 /* MovieDetailView.swift */; };
		2CEE2FC02B5A1F1600607D17 /* MovieDetailViewController.swift in Sources */ = {isa = PBXBuildFile; fileRef = 2CEE2FBF2B5A1F1600607D17 /* MovieDetailViewController.swift */; };
		2CEE2FC42B5A1F4500607D17 /* MovieListTableViewCell.swift in Sources */ = {isa = PBXBuildFile; fileRef = 2CEE2FC22B5A1F4500607D17 /* MovieListTableViewCell.swift */; };
		2CEE2FC52B5A1F4500607D17 /* MovieListCollectionViewCell.swift in Sources */ = {isa = PBXBuildFile; fileRef = 2CEE2FC32B5A1F4500607D17 /* MovieListCollectionViewCell.swift */; };
		2CEE2FC82B5A1F9200607D17 /* MovieListViewController.swift in Sources */ = {isa = PBXBuildFile; fileRef = 2CEE2FC72B5A1F9200607D17 /* MovieListViewController.swift */; };
		2CEE2FCC2B5A1FA000607D17 /* SectionTitleModel.swift in Sources */ = {isa = PBXBuildFile; fileRef = 2CEE2FCA2B5A1FA000607D17 /* SectionTitleModel.swift */; };
		2CEE2FCD2B5A1FA000607D17 /* MovieListLocalModel.swift in Sources */ = {isa = PBXBuildFile; fileRef = 2CEE2FCB2B5A1FA000607D17 /* MovieListLocalModel.swift */; };
		2CEE2FCF2B5A206100607D17 /* ComponentFactory.swift in Sources */ = {isa = PBXBuildFile; fileRef = 2CEE2FCE2B5A206100607D17 /* ComponentFactory.swift */; };
		371C6B362B54F6BD0054B0D9 /* AppDelegate.swift in Sources */ = {isa = PBXBuildFile; fileRef = 371C6B352B54F6BD0054B0D9 /* AppDelegate.swift */; };
		371C6B382B54F6BD0054B0D9 /* SceneDelegate.swift in Sources */ = {isa = PBXBuildFile; fileRef = 371C6B372B54F6BD0054B0D9 /* SceneDelegate.swift */; };
		371C6B3A2B54F6BD0054B0D9 /* ViewController.swift in Sources */ = {isa = PBXBuildFile; fileRef = 371C6B392B54F6BD0054B0D9 /* ViewController.swift */; };
		371C6B3D2B54F6BD0054B0D9 /* Main.storyboard in Resources */ = {isa = PBXBuildFile; fileRef = 371C6B3B2B54F6BD0054B0D9 /* Main.storyboard */; };
		371C6B3F2B54F6BE0054B0D9 /* Assets.xcassets in Resources */ = {isa = PBXBuildFile; fileRef = 371C6B3E2B54F6BE0054B0D9 /* Assets.xcassets */; };
		371C6B422B54F6BE0054B0D9 /* LaunchScreen.storyboard in Resources */ = {isa = PBXBuildFile; fileRef = 371C6B402B54F6BE0054B0D9 /* LaunchScreen.storyboard */; };
		371C6B4A2B54FCF70054B0D9 /* newViewController.swift in Sources */ = {isa = PBXBuildFile; fileRef = 371C6B492B54FCF70054B0D9 /* newViewController.swift */; };
		378E46262B56515900D2A473 /* CustomButton.swift in Sources */ = {isa = PBXBuildFile; fileRef = 378E46252B56515900D2A473 /* CustomButton.swift */; };
		378E46282B56516B00D2A473 /* NetworkLogger.swift in Sources */ = {isa = PBXBuildFile; fileRef = 378E46272B56516B00D2A473 /* NetworkLogger.swift */; };
		378E46332B56532000D2A473 /* TabBarController.swift in Sources */ = {isa = PBXBuildFile; fileRef = 378E46322B56532000D2A473 /* TabBarController.swift */; };
		378E46352B56534300D2A473 /* MypageViewController.swift in Sources */ = {isa = PBXBuildFile; fileRef = 378E46342B56534300D2A473 /* MypageViewController.swift */; };
		378E463D2B56537800D2A473 /* SignInViewController.swift in Sources */ = {isa = PBXBuildFile; fileRef = 378E463C2B56537800D2A473 /* SignInViewController.swift */; };
		378E463F2B56542A00D2A473 /* Utilities.swift in Sources */ = {isa = PBXBuildFile; fileRef = 378E463E2B56542A00D2A473 /* Utilities.swift */; };
		378E46412B56544A00D2A473 /* SignUpViewController.swift in Sources */ = {isa = PBXBuildFile; fileRef = 378E46402B56544A00D2A473 /* SignUpViewController.swift */; };
		379778672B5D045D00FFC61C /* BaseViewController.swift in Sources */ = {isa = PBXBuildFile; fileRef = 379778662B5D045D00FFC61C /* BaseViewController.swift */; };
		37A3D6B22B5ACFFD0091E6E3 /* CustomNavigationBar.swift in Sources */ = {isa = PBXBuildFile; fileRef = 37A3D6B12B5ACFFD0091E6E3 /* CustomNavigationBar.swift */; };
		379778692B5D09A600FFC61C /* TmdbClient.swift in Sources */ = {isa = PBXBuildFile; fileRef = 379778682B5D09A600FFC61C /* TmdbClient.swift */; };
		3797786B2B5D09E400FFC61C /* MovieModel.swift in Sources */ = {isa = PBXBuildFile; fileRef = 3797786A2B5D09E400FFC61C /* MovieModel.swift */; };
		3797786D2B5D0A9B00FFC61C /* NetworkManager.swift in Sources */ = {isa = PBXBuildFile; fileRef = 3797786C2B5D0A9B00FFC61C /* NetworkManager.swift */; };
		379778702B5D234A00FFC61C /* MovieResponse.swift in Sources */ = {isa = PBXBuildFile; fileRef = 3797786F2B5D234A00FFC61C /* MovieResponse.swift */; };
/* End PBXBuildFile section */

/* Begin PBXFileReference section */
		2CEE2FBC2B5A1ED800607D17 /* MovieDetailView.swift */ = {isa = PBXFileReference; fileEncoding = 4; lastKnownFileType = sourcecode.swift; path = MovieDetailView.swift; sourceTree = "<group>"; };
		2CEE2FBF2B5A1F1600607D17 /* MovieDetailViewController.swift */ = {isa = PBXFileReference; fileEncoding = 4; lastKnownFileType = sourcecode.swift; path = MovieDetailViewController.swift; sourceTree = "<group>"; };
		2CEE2FC22B5A1F4500607D17 /* MovieListTableViewCell.swift */ = {isa = PBXFileReference; fileEncoding = 4; lastKnownFileType = sourcecode.swift; path = MovieListTableViewCell.swift; sourceTree = "<group>"; };
		2CEE2FC32B5A1F4500607D17 /* MovieListCollectionViewCell.swift */ = {isa = PBXFileReference; fileEncoding = 4; lastKnownFileType = sourcecode.swift; path = MovieListCollectionViewCell.swift; sourceTree = "<group>"; };
		2CEE2FC72B5A1F9200607D17 /* MovieListViewController.swift */ = {isa = PBXFileReference; fileEncoding = 4; lastKnownFileType = sourcecode.swift; path = MovieListViewController.swift; sourceTree = "<group>"; };
		2CEE2FCA2B5A1FA000607D17 /* SectionTitleModel.swift */ = {isa = PBXFileReference; fileEncoding = 4; lastKnownFileType = sourcecode.swift; path = SectionTitleModel.swift; sourceTree = "<group>"; };
		2CEE2FCB2B5A1FA000607D17 /* MovieListLocalModel.swift */ = {isa = PBXFileReference; fileEncoding = 4; lastKnownFileType = sourcecode.swift; path = MovieListLocalModel.swift; sourceTree = "<group>"; };
		2CEE2FCE2B5A206100607D17 /* ComponentFactory.swift */ = {isa = PBXFileReference; fileEncoding = 4; lastKnownFileType = sourcecode.swift; path = ComponentFactory.swift; sourceTree = "<group>"; };
		371C6B322B54F6BD0054B0D9 /* NBC-Team6-iOS.app */ = {isa = PBXFileReference; explicitFileType = wrapper.application; includeInIndex = 0; path = "NBC-Team6-iOS.app"; sourceTree = BUILT_PRODUCTS_DIR; };
		371C6B352B54F6BD0054B0D9 /* AppDelegate.swift */ = {isa = PBXFileReference; lastKnownFileType = sourcecode.swift; path = AppDelegate.swift; sourceTree = "<group>"; };
		371C6B372B54F6BD0054B0D9 /* SceneDelegate.swift */ = {isa = PBXFileReference; lastKnownFileType = sourcecode.swift; path = SceneDelegate.swift; sourceTree = "<group>"; };
		371C6B392B54F6BD0054B0D9 /* ViewController.swift */ = {isa = PBXFileReference; lastKnownFileType = sourcecode.swift; path = ViewController.swift; sourceTree = "<group>"; };
		371C6B3C2B54F6BD0054B0D9 /* Base */ = {isa = PBXFileReference; lastKnownFileType = file.storyboard; name = Base; path = Base.lproj/Main.storyboard; sourceTree = "<group>"; };
		371C6B3E2B54F6BE0054B0D9 /* Assets.xcassets */ = {isa = PBXFileReference; lastKnownFileType = folder.assetcatalog; path = Assets.xcassets; sourceTree = "<group>"; };
		371C6B412B54F6BE0054B0D9 /* Base */ = {isa = PBXFileReference; lastKnownFileType = file.storyboard; name = Base; path = Base.lproj/LaunchScreen.storyboard; sourceTree = "<group>"; };
		371C6B432B54F6BE0054B0D9 /* Info.plist */ = {isa = PBXFileReference; lastKnownFileType = text.plist.xml; path = Info.plist; sourceTree = "<group>"; };
		371C6B492B54FCF70054B0D9 /* newViewController.swift */ = {isa = PBXFileReference; lastKnownFileType = sourcecode.swift; path = newViewController.swift; sourceTree = "<group>"; };
		378E46252B56515900D2A473 /* CustomButton.swift */ = {isa = PBXFileReference; lastKnownFileType = sourcecode.swift; path = CustomButton.swift; sourceTree = "<group>"; };
		378E46272B56516B00D2A473 /* NetworkLogger.swift */ = {isa = PBXFileReference; lastKnownFileType = sourcecode.swift; path = NetworkLogger.swift; sourceTree = "<group>"; };
		378E46322B56532000D2A473 /* TabBarController.swift */ = {isa = PBXFileReference; lastKnownFileType = sourcecode.swift; path = TabBarController.swift; sourceTree = "<group>"; };
		378E46342B56534300D2A473 /* MypageViewController.swift */ = {isa = PBXFileReference; lastKnownFileType = sourcecode.swift; path = MypageViewController.swift; sourceTree = "<group>"; };
		378E46362B56535F00D2A473 /* ReservationViewController.swift */ = {isa = PBXFileReference; lastKnownFileType = sourcecode.swift; path = ReservationViewController.swift; sourceTree = "<group>"; };
		378E463C2B56537800D2A473 /* SignInViewController.swift */ = {isa = PBXFileReference; lastKnownFileType = sourcecode.swift; path = SignInViewController.swift; sourceTree = "<group>"; };
		378E463E2B56542A00D2A473 /* Utilities.swift */ = {isa = PBXFileReference; lastKnownFileType = sourcecode.swift; path = Utilities.swift; sourceTree = "<group>"; };
		378E46402B56544A00D2A473 /* SignUpViewController.swift */ = {isa = PBXFileReference; lastKnownFileType = sourcecode.swift; path = SignUpViewController.swift; sourceTree = "<group>"; };
		379778662B5D045D00FFC61C /* BaseViewController.swift */ = {isa = PBXFileReference; lastKnownFileType = sourcecode.swift; path = BaseViewController.swift; sourceTree = "<group>"; };
		37A3D6B12B5ACFFD0091E6E3 /* CustomNavigationBar.swift */ = {isa = PBXFileReference; lastKnownFileType = sourcecode.swift; path = CustomNavigationBar.swift; sourceTree = "<group>"; };
		379778682B5D09A600FFC61C /* TmdbClient.swift */ = {isa = PBXFileReference; lastKnownFileType = sourcecode.swift; path = TmdbClient.swift; sourceTree = "<group>"; };
		3797786A2B5D09E400FFC61C /* MovieModel.swift */ = {isa = PBXFileReference; lastKnownFileType = sourcecode.swift; path = MovieModel.swift; sourceTree = "<group>"; };
		3797786C2B5D0A9B00FFC61C /* NetworkManager.swift */ = {isa = PBXFileReference; lastKnownFileType = sourcecode.swift; path = NetworkManager.swift; sourceTree = "<group>"; };
		3797786F2B5D234A00FFC61C /* MovieResponse.swift */ = {isa = PBXFileReference; lastKnownFileType = sourcecode.swift; path = MovieResponse.swift; sourceTree = "<group>"; };
/* End PBXFileReference section */

/* Begin PBXFrameworksBuildPhase section */
		371C6B2F2B54F6BD0054B0D9 /* Frameworks */ = {
			isa = PBXFrameworksBuildPhase;
			buildActionMask = 2147483647;
			files = (
			);
			runOnlyForDeploymentPostprocessing = 0;
		};
/* End PBXFrameworksBuildPhase section */

/* Begin PBXGroup section */
		2CEE2FBB2B5A1ED800607D17 /* View */ = {
			isa = PBXGroup;
			children = (
				2CEE2FBC2B5A1ED800607D17 /* MovieDetailView.swift */,
			);
			path = View;
			sourceTree = "<group>";
		};
		2CEE2FBE2B5A1F1600607D17 /* ViewController */ = {
			isa = PBXGroup;
			children = (
				2CEE2FBF2B5A1F1600607D17 /* MovieDetailViewController.swift */,
			);
			path = ViewController;
			sourceTree = "<group>";
		};
		2CEE2FC12B5A1F4500607D17 /* View */ = {
			isa = PBXGroup;
			children = (
				2CEE2FC22B5A1F4500607D17 /* MovieListTableViewCell.swift */,
				2CEE2FC32B5A1F4500607D17 /* MovieListCollectionViewCell.swift */,
			);
			path = View;
			sourceTree = "<group>";
		};
		2CEE2FC62B5A1F9200607D17 /* Controller */ = {
			isa = PBXGroup;
			children = (
				2CEE2FC72B5A1F9200607D17 /* MovieListViewController.swift */,
			);
			path = Controller;
			sourceTree = "<group>";
		};
		2CEE2FC92B5A1FA000607D17 /* Model */ = {
			isa = PBXGroup;
			children = (
				2CEE2FCA2B5A1FA000607D17 /* SectionTitleModel.swift */,
				2CEE2FCB2B5A1FA000607D17 /* MovieListLocalModel.swift */,
			);
			path = Model;
			sourceTree = "<group>";
		};
		371C6B292B54F6BD0054B0D9 = {
			isa = PBXGroup;
			children = (
				371C6B342B54F6BD0054B0D9 /* NBC-Team6-iOS */,
				371C6B332B54F6BD0054B0D9 /* Products */,
			);
			sourceTree = "<group>";
		};
		371C6B332B54F6BD0054B0D9 /* Products */ = {
			isa = PBXGroup;
			children = (
				371C6B322B54F6BD0054B0D9 /* NBC-Team6-iOS.app */,
			);
			name = Products;
			sourceTree = "<group>";
		};
		371C6B342B54F6BD0054B0D9 /* NBC-Team6-iOS */ = {
			isa = PBXGroup;
			children = (
				378E46212B560F7800D2A473 /* Network */,
				378E46202B560F6E00D2A473 /* Global */,
				378E46222B560F8900D2A473 /* Presentation */,
				371C6B432B54F6BE0054B0D9 /* Info.plist */,
				371C6B392B54F6BD0054B0D9 /* ViewController.swift */,
			);
			path = "NBC-Team6-iOS";
			sourceTree = "<group>";
		};
		378E46202B560F6E00D2A473 /* Global */ = {
			isa = PBXGroup;
			children = (
				379778652B5D044400FFC61C /* Base */,
				378E46302B56529B00D2A473 /* Components */,
				378E46242B5610A200D2A473 /* Utilities */,
				378E46232B560FB800D2A473 /* Support */,
			);
			path = Global;
			sourceTree = "<group>";
		};
		378E46212B560F7800D2A473 /* Network */ = {
			isa = PBXGroup;
			children = (
				3797786E2B5D233E00FFC61C /* Models */,
				378E46272B56516B00D2A473 /* NetworkLogger.swift */,
				3797786A2B5D09E400FFC61C /* MovieModel.swift */,
				379778682B5D09A600FFC61C /* TmdbClient.swift */,
				3797786C2B5D0A9B00FFC61C /* NetworkManager.swift */,
			);
			path = Network;
			sourceTree = "<group>";
		};
		378E46222B560F8900D2A473 /* Presentation */ = {
			isa = PBXGroup;
			children = (
				378E462B2B5651D100D2A473 /* Tabbar */,
				378E462D2B56521D00D2A473 /* Mypage */,
				378E462E2B56523500D2A473 /* Reservation */,
				378E462C2B56521500D2A473 /* MovieDetail */,
				378E462F2B56527000D2A473 /* MovieList */,
				378E462A2B5651BA00D2A473 /* SignIn */,
				378E46292B56517B00D2A473 /* SignUp */,
			);
			path = Presentation;
			sourceTree = "<group>";
		};
		378E46232B560FB800D2A473 /* Support */ = {
			isa = PBXGroup;
			children = (
				371C6B352B54F6BD0054B0D9 /* AppDelegate.swift */,
				371C6B372B54F6BD0054B0D9 /* SceneDelegate.swift */,
				371C6B3E2B54F6BE0054B0D9 /* Assets.xcassets */,
				371C6B402B54F6BE0054B0D9 /* LaunchScreen.storyboard */,
				371C6B3B2B54F6BD0054B0D9 /* Main.storyboard */,
			);
			path = Support;
			sourceTree = "<group>";
		};
		378E46242B5610A200D2A473 /* Utilities */ = {
			isa = PBXGroup;
			children = (
				378E463E2B56542A00D2A473 /* Utilities.swift */,
				371C6B492B54FCF70054B0D9 /* newViewController.swift */,
			);
			path = Utilities;
			sourceTree = "<group>";
		};
		378E46292B56517B00D2A473 /* SignUp */ = {
			isa = PBXGroup;
			children = (
				378E46402B56544A00D2A473 /* SignUpViewController.swift */,
			);
			path = SignUp;
			sourceTree = "<group>";
		};
		378E462A2B5651BA00D2A473 /* SignIn */ = {
			isa = PBXGroup;
			children = (
				378E463C2B56537800D2A473 /* SignInViewController.swift */,
			);
			path = SignIn;
			sourceTree = "<group>";
		};
		378E462B2B5651D100D2A473 /* Tabbar */ = {
			isa = PBXGroup;
			children = (
				378E46322B56532000D2A473 /* TabBarController.swift */,
			);
			path = Tabbar;
			sourceTree = "<group>";
		};
		378E462C2B56521500D2A473 /* MovieDetail */ = {
			isa = PBXGroup;
			children = (
				2CEE2FBE2B5A1F1600607D17 /* ViewController */,
				2CEE2FBB2B5A1ED800607D17 /* View */,
			);
			path = MovieDetail;
			sourceTree = "<group>";
		};
		378E462D2B56521D00D2A473 /* Mypage */ = {
			isa = PBXGroup;
			children = (
				378E46342B56534300D2A473 /* MypageViewController.swift */,
			);
			path = Mypage;
			sourceTree = "<group>";
		};
		378E462E2B56523500D2A473 /* Reservation */ = {
			isa = PBXGroup;
			children = (
				378E46362B56535F00D2A473 /* ReservationViewController.swift */,
			);
			path = Reservation;
			sourceTree = "<group>";
		};
		378E462F2B56527000D2A473 /* MovieList */ = {
			isa = PBXGroup;
			children = (
				2CEE2FC92B5A1FA000607D17 /* Model */,
				2CEE2FC62B5A1F9200607D17 /* Controller */,
				2CEE2FC12B5A1F4500607D17 /* View */,
			);
			path = MovieList;
			sourceTree = "<group>";
		};
		378E46302B56529B00D2A473 /* Components */ = {
			isa = PBXGroup;
			children = (
				2CEE2FCE2B5A206100607D17 /* ComponentFactory.swift */,
				378E46252B56515900D2A473 /* CustomButton.swift */,
				37A3D6B12B5ACFFD0091E6E3 /* CustomNavigationBar.swift */,
			);
			path = Components;
			sourceTree = "<group>";
		};
		379778652B5D044400FFC61C /* Base */ = {
			isa = PBXGroup;
			children = (
				379778662B5D045D00FFC61C /* BaseViewController.swift */,
			);
			path = Base;
			sourceTree = "<group>";
		};
		3797786E2B5D233E00FFC61C /* Models */ = {
			isa = PBXGroup;
			children = (
				3797786F2B5D234A00FFC61C /* MovieResponse.swift */,
			);
			path = Models;
			sourceTree = "<group>";
		};
/* End PBXGroup section */

/* Begin PBXNativeTarget section */
		371C6B312B54F6BD0054B0D9 /* NBC-Team6-iOS */ = {
			isa = PBXNativeTarget;
			buildConfigurationList = 371C6B462B54F6BE0054B0D9 /* Build configuration list for PBXNativeTarget "NBC-Team6-iOS" */;
			buildPhases = (
				371C6B2E2B54F6BD0054B0D9 /* Sources */,
				371C6B2F2B54F6BD0054B0D9 /* Frameworks */,
				371C6B302B54F6BD0054B0D9 /* Resources */,
			);
			buildRules = (
			);
			dependencies = (
			);
			name = "NBC-Team6-iOS";
			productName = "NBC-Team6-iOS";
			productReference = 371C6B322B54F6BD0054B0D9 /* NBC-Team6-iOS.app */;
			productType = "com.apple.product-type.application";
		};
/* End PBXNativeTarget section */

/* Begin PBXProject section */
		371C6B2A2B54F6BD0054B0D9 /* Project object */ = {
			isa = PBXProject;
			attributes = {
				BuildIndependentTargetsInParallel = 1;
				LastSwiftUpdateCheck = 1430;
				LastUpgradeCheck = 1430;
				TargetAttributes = {
					371C6B312B54F6BD0054B0D9 = {
						CreatedOnToolsVersion = 14.3;
					};
				};
			};
			buildConfigurationList = 371C6B2D2B54F6BD0054B0D9 /* Build configuration list for PBXProject "NBC-Team6-iOS" */;
			compatibilityVersion = "Xcode 14.0";
			developmentRegion = en;
			hasScannedForEncodings = 0;
			knownRegions = (
				en,
				Base,
			);
			mainGroup = 371C6B292B54F6BD0054B0D9;
			productRefGroup = 371C6B332B54F6BD0054B0D9 /* Products */;
			projectDirPath = "";
			projectRoot = "";
			targets = (
				371C6B312B54F6BD0054B0D9 /* NBC-Team6-iOS */,
			);
		};
/* End PBXProject section */

/* Begin PBXResourcesBuildPhase section */
		371C6B302B54F6BD0054B0D9 /* Resources */ = {
			isa = PBXResourcesBuildPhase;
			buildActionMask = 2147483647;
			files = (
				371C6B422B54F6BE0054B0D9 /* LaunchScreen.storyboard in Resources */,
				371C6B3F2B54F6BE0054B0D9 /* Assets.xcassets in Resources */,
				371C6B3D2B54F6BD0054B0D9 /* Main.storyboard in Resources */,
			);
			runOnlyForDeploymentPostprocessing = 0;
		};
/* End PBXResourcesBuildPhase section */

/* Begin PBXSourcesBuildPhase section */
		371C6B2E2B54F6BD0054B0D9 /* Sources */ = {
			isa = PBXSourcesBuildPhase;
			buildActionMask = 2147483647;
			files = (
				3797786D2B5D0A9B00FFC61C /* NetworkManager.swift in Sources */,
				3797786B2B5D09E400FFC61C /* MovieModel.swift in Sources */,
				2CEE2FC82B5A1F9200607D17 /* MovieListViewController.swift in Sources */,
				2CEE2FBD2B5A1ED800607D17 /* MovieDetailView.swift in Sources */,
				379778692B5D09A600FFC61C /* TmdbClient.swift in Sources */,
				371C6B3A2B54F6BD0054B0D9 /* ViewController.swift in Sources */,
				371C6B362B54F6BD0054B0D9 /* AppDelegate.swift in Sources */,
				2CEE2FCF2B5A206100607D17 /* ComponentFactory.swift in Sources */,
				378E46282B56516B00D2A473 /* NetworkLogger.swift in Sources */,
				378E463F2B56542A00D2A473 /* Utilities.swift in Sources */,
				371C6B382B54F6BD0054B0D9 /* SceneDelegate.swift in Sources */,
				2CEE2FC52B5A1F4500607D17 /* MovieListCollectionViewCell.swift in Sources */,
				37A3D6B22B5ACFFD0091E6E3 /* CustomNavigationBar.swift in Sources */,
				2CEE2FC42B5A1F4500607D17 /* MovieListTableViewCell.swift in Sources */,
				2CEE2F6F2B57D50200607D17 /* ReservationViewController.swift in Sources */,
				378E46332B56532000D2A473 /* TabBarController.swift in Sources */,
				379778672B5D045D00FFC61C /* BaseViewController.swift in Sources */,
				378E46412B56544A00D2A473 /* SignUpViewController.swift in Sources */,
				378E463D2B56537800D2A473 /* SignInViewController.swift in Sources */,
				2CEE2FC02B5A1F1600607D17 /* MovieDetailViewController.swift in Sources */,
				371C6B4A2B54FCF70054B0D9 /* newViewController.swift in Sources */,
				378E46262B56515900D2A473 /* CustomButton.swift in Sources */,
				2CEE2FCC2B5A1FA000607D17 /* SectionTitleModel.swift in Sources */,
				379778702B5D234A00FFC61C /* MovieResponse.swift in Sources */,
				2CEE2FCD2B5A1FA000607D17 /* MovieListLocalModel.swift in Sources */,
				378E46352B56534300D2A473 /* MypageViewController.swift in Sources */,
			);
			runOnlyForDeploymentPostprocessing = 0;
		};
/* End PBXSourcesBuildPhase section */

/* Begin PBXVariantGroup section */
		371C6B3B2B54F6BD0054B0D9 /* Main.storyboard */ = {
			isa = PBXVariantGroup;
			children = (
				371C6B3C2B54F6BD0054B0D9 /* Base */,
			);
			name = Main.storyboard;
			sourceTree = "<group>";
		};
		371C6B402B54F6BE0054B0D9 /* LaunchScreen.storyboard */ = {
			isa = PBXVariantGroup;
			children = (
				371C6B412B54F6BE0054B0D9 /* Base */,
			);
			name = LaunchScreen.storyboard;
			sourceTree = "<group>";
		};
/* End PBXVariantGroup section */

/* Begin XCBuildConfiguration section */
		371C6B442B54F6BE0054B0D9 /* Debug */ = {
			isa = XCBuildConfiguration;
			buildSettings = {
				ALWAYS_SEARCH_USER_PATHS = NO;
				CLANG_ANALYZER_NONNULL = YES;
				CLANG_ANALYZER_NUMBER_OBJECT_CONVERSION = YES_AGGRESSIVE;
				CLANG_CXX_LANGUAGE_STANDARD = "gnu++20";
				CLANG_ENABLE_MODULES = YES;
				CLANG_ENABLE_OBJC_ARC = YES;
				CLANG_ENABLE_OBJC_WEAK = YES;
				CLANG_WARN_BLOCK_CAPTURE_AUTORELEASING = YES;
				CLANG_WARN_BOOL_CONVERSION = YES;
				CLANG_WARN_COMMA = YES;
				CLANG_WARN_CONSTANT_CONVERSION = YES;
				CLANG_WARN_DEPRECATED_OBJC_IMPLEMENTATIONS = YES;
				CLANG_WARN_DIRECT_OBJC_ISA_USAGE = YES_ERROR;
				CLANG_WARN_DOCUMENTATION_COMMENTS = YES;
				CLANG_WARN_EMPTY_BODY = YES;
				CLANG_WARN_ENUM_CONVERSION = YES;
				CLANG_WARN_INFINITE_RECURSION = YES;
				CLANG_WARN_INT_CONVERSION = YES;
				CLANG_WARN_NON_LITERAL_NULL_CONVERSION = YES;
				CLANG_WARN_OBJC_IMPLICIT_RETAIN_SELF = YES;
				CLANG_WARN_OBJC_LITERAL_CONVERSION = YES;
				CLANG_WARN_OBJC_ROOT_CLASS = YES_ERROR;
				CLANG_WARN_QUOTED_INCLUDE_IN_FRAMEWORK_HEADER = YES;
				CLANG_WARN_RANGE_LOOP_ANALYSIS = YES;
				CLANG_WARN_STRICT_PROTOTYPES = YES;
				CLANG_WARN_SUSPICIOUS_MOVE = YES;
				CLANG_WARN_UNGUARDED_AVAILABILITY = YES_AGGRESSIVE;
				CLANG_WARN_UNREACHABLE_CODE = YES;
				CLANG_WARN__DUPLICATE_METHOD_MATCH = YES;
				COPY_PHASE_STRIP = NO;
				DEBUG_INFORMATION_FORMAT = dwarf;
				ENABLE_STRICT_OBJC_MSGSEND = YES;
				ENABLE_TESTABILITY = YES;
				GCC_C_LANGUAGE_STANDARD = gnu11;
				GCC_DYNAMIC_NO_PIC = NO;
				GCC_NO_COMMON_BLOCKS = YES;
				GCC_OPTIMIZATION_LEVEL = 0;
				GCC_PREPROCESSOR_DEFINITIONS = (
					"DEBUG=1",
					"$(inherited)",
				);
				GCC_WARN_64_TO_32_BIT_CONVERSION = YES;
				GCC_WARN_ABOUT_RETURN_TYPE = YES_ERROR;
				GCC_WARN_UNDECLARED_SELECTOR = YES;
				GCC_WARN_UNINITIALIZED_AUTOS = YES_AGGRESSIVE;
				GCC_WARN_UNUSED_FUNCTION = YES;
				GCC_WARN_UNUSED_VARIABLE = YES;
				IPHONEOS_DEPLOYMENT_TARGET = 16.4;
				MTL_ENABLE_DEBUG_INFO = INCLUDE_SOURCE;
				MTL_FAST_MATH = YES;
				ONLY_ACTIVE_ARCH = YES;
				SDKROOT = iphoneos;
				SWIFT_ACTIVE_COMPILATION_CONDITIONS = DEBUG;
				SWIFT_OPTIMIZATION_LEVEL = "-Onone";
			};
			name = Debug;
		};
		371C6B452B54F6BE0054B0D9 /* Release */ = {
			isa = XCBuildConfiguration;
			buildSettings = {
				ALWAYS_SEARCH_USER_PATHS = NO;
				CLANG_ANALYZER_NONNULL = YES;
				CLANG_ANALYZER_NUMBER_OBJECT_CONVERSION = YES_AGGRESSIVE;
				CLANG_CXX_LANGUAGE_STANDARD = "gnu++20";
				CLANG_ENABLE_MODULES = YES;
				CLANG_ENABLE_OBJC_ARC = YES;
				CLANG_ENABLE_OBJC_WEAK = YES;
				CLANG_WARN_BLOCK_CAPTURE_AUTORELEASING = YES;
				CLANG_WARN_BOOL_CONVERSION = YES;
				CLANG_WARN_COMMA = YES;
				CLANG_WARN_CONSTANT_CONVERSION = YES;
				CLANG_WARN_DEPRECATED_OBJC_IMPLEMENTATIONS = YES;
				CLANG_WARN_DIRECT_OBJC_ISA_USAGE = YES_ERROR;
				CLANG_WARN_DOCUMENTATION_COMMENTS = YES;
				CLANG_WARN_EMPTY_BODY = YES;
				CLANG_WARN_ENUM_CONVERSION = YES;
				CLANG_WARN_INFINITE_RECURSION = YES;
				CLANG_WARN_INT_CONVERSION = YES;
				CLANG_WARN_NON_LITERAL_NULL_CONVERSION = YES;
				CLANG_WARN_OBJC_IMPLICIT_RETAIN_SELF = YES;
				CLANG_WARN_OBJC_LITERAL_CONVERSION = YES;
				CLANG_WARN_OBJC_ROOT_CLASS = YES_ERROR;
				CLANG_WARN_QUOTED_INCLUDE_IN_FRAMEWORK_HEADER = YES;
				CLANG_WARN_RANGE_LOOP_ANALYSIS = YES;
				CLANG_WARN_STRICT_PROTOTYPES = YES;
				CLANG_WARN_SUSPICIOUS_MOVE = YES;
				CLANG_WARN_UNGUARDED_AVAILABILITY = YES_AGGRESSIVE;
				CLANG_WARN_UNREACHABLE_CODE = YES;
				CLANG_WARN__DUPLICATE_METHOD_MATCH = YES;
				COPY_PHASE_STRIP = NO;
				DEBUG_INFORMATION_FORMAT = "dwarf-with-dsym";
				ENABLE_NS_ASSERTIONS = NO;
				ENABLE_STRICT_OBJC_MSGSEND = YES;
				GCC_C_LANGUAGE_STANDARD = gnu11;
				GCC_NO_COMMON_BLOCKS = YES;
				GCC_WARN_64_TO_32_BIT_CONVERSION = YES;
				GCC_WARN_ABOUT_RETURN_TYPE = YES_ERROR;
				GCC_WARN_UNDECLARED_SELECTOR = YES;
				GCC_WARN_UNINITIALIZED_AUTOS = YES_AGGRESSIVE;
				GCC_WARN_UNUSED_FUNCTION = YES;
				GCC_WARN_UNUSED_VARIABLE = YES;
				IPHONEOS_DEPLOYMENT_TARGET = 16.4;
				MTL_ENABLE_DEBUG_INFO = NO;
				MTL_FAST_MATH = YES;
				SDKROOT = iphoneos;
				SWIFT_COMPILATION_MODE = wholemodule;
				SWIFT_OPTIMIZATION_LEVEL = "-O";
				VALIDATE_PRODUCT = YES;
			};
			name = Release;
		};
		371C6B472B54F6BE0054B0D9 /* Debug */ = {
			isa = XCBuildConfiguration;
			buildSettings = {
				ASSETCATALOG_COMPILER_APPICON_NAME = AppIcon;
				ASSETCATALOG_COMPILER_GLOBAL_ACCENT_COLOR_NAME = AccentColor;
				CODE_SIGN_STYLE = Automatic;
				CURRENT_PROJECT_VERSION = 1;
				DEVELOPMENT_TEAM = MLDS498G8D;
				GENERATE_INFOPLIST_FILE = YES;
				INFOPLIST_FILE = "NBC-Team6-iOS/Info.plist";
				INFOPLIST_KEY_UIApplicationSupportsIndirectInputEvents = YES;
				INFOPLIST_KEY_UILaunchStoryboardName = LaunchScreen;
				INFOPLIST_KEY_UIMainStoryboardFile = Main;
				INFOPLIST_KEY_UISupportedInterfaceOrientations_iPad = "UIInterfaceOrientationPortrait UIInterfaceOrientationPortraitUpsideDown UIInterfaceOrientationLandscapeLeft UIInterfaceOrientationLandscapeRight";
				INFOPLIST_KEY_UISupportedInterfaceOrientations_iPhone = "UIInterfaceOrientationPortrait UIInterfaceOrientationLandscapeLeft UIInterfaceOrientationLandscapeRight";
				IPHONEOS_DEPLOYMENT_TARGET = 15.0;
				LD_RUNPATH_SEARCH_PATHS = (
					"$(inherited)",
					"@executable_path/Frameworks",
				);
				MARKETING_VERSION = 1.0;
				PRODUCT_BUNDLE_IDENTIFIER = "com.JunniJunni.NBC-Team6-iOS";
				PRODUCT_NAME = "$(TARGET_NAME)";
				SWIFT_EMIT_LOC_STRINGS = YES;
				SWIFT_VERSION = 5.0;
				TARGETED_DEVICE_FAMILY = "1,2";
			};
			name = Debug;
		};
		371C6B482B54F6BE0054B0D9 /* Release */ = {
			isa = XCBuildConfiguration;
			buildSettings = {
				ASSETCATALOG_COMPILER_APPICON_NAME = AppIcon;
				ASSETCATALOG_COMPILER_GLOBAL_ACCENT_COLOR_NAME = AccentColor;
				CODE_SIGN_STYLE = Automatic;
				CURRENT_PROJECT_VERSION = 1;
				DEVELOPMENT_TEAM = MLDS498G8D;
				GENERATE_INFOPLIST_FILE = YES;
				INFOPLIST_FILE = "NBC-Team6-iOS/Info.plist";
				INFOPLIST_KEY_UIApplicationSupportsIndirectInputEvents = YES;
				INFOPLIST_KEY_UILaunchStoryboardName = LaunchScreen;
				INFOPLIST_KEY_UIMainStoryboardFile = Main;
				INFOPLIST_KEY_UISupportedInterfaceOrientations_iPad = "UIInterfaceOrientationPortrait UIInterfaceOrientationPortraitUpsideDown UIInterfaceOrientationLandscapeLeft UIInterfaceOrientationLandscapeRight";
				INFOPLIST_KEY_UISupportedInterfaceOrientations_iPhone = "UIInterfaceOrientationPortrait UIInterfaceOrientationLandscapeLeft UIInterfaceOrientationLandscapeRight";
				IPHONEOS_DEPLOYMENT_TARGET = 15.0;
				LD_RUNPATH_SEARCH_PATHS = (
					"$(inherited)",
					"@executable_path/Frameworks",
				);
				MARKETING_VERSION = 1.0;
				PRODUCT_BUNDLE_IDENTIFIER = "com.JunniJunni.NBC-Team6-iOS";
				PRODUCT_NAME = "$(TARGET_NAME)";
				SWIFT_EMIT_LOC_STRINGS = YES;
				SWIFT_VERSION = 5.0;
				TARGETED_DEVICE_FAMILY = "1,2";
			};
			name = Release;
		};
/* End XCBuildConfiguration section */

/* Begin XCConfigurationList section */
		371C6B2D2B54F6BD0054B0D9 /* Build configuration list for PBXProject "NBC-Team6-iOS" */ = {
			isa = XCConfigurationList;
			buildConfigurations = (
				371C6B442B54F6BE0054B0D9 /* Debug */,
				371C6B452B54F6BE0054B0D9 /* Release */,
			);
			defaultConfigurationIsVisible = 0;
			defaultConfigurationName = Release;
		};
		371C6B462B54F6BE0054B0D9 /* Build configuration list for PBXNativeTarget "NBC-Team6-iOS" */ = {
			isa = XCConfigurationList;
			buildConfigurations = (
				371C6B472B54F6BE0054B0D9 /* Debug */,
				371C6B482B54F6BE0054B0D9 /* Release */,
			);
			defaultConfigurationIsVisible = 0;
			defaultConfigurationName = Release;
		};
/* End XCConfigurationList section */
	};
	rootObject = 371C6B2A2B54F6BD0054B0D9 /* Project object */;
}
